// !$*UTF8*$!
{
	archiveVersion = 1;
	classes = {
	};
	objectVersion = 46;
	objects = {

/* Begin PBXBuildFile section */
		858AB03C1ACB7D04007A653A /* AppDelegate.swift in Sources */ = {isa = PBXBuildFile; fileRef = 858AB03B1ACB7D04007A653A /* AppDelegate.swift */; };
		858AB03E1ACB7D04007A653A /* ViewController.swift in Sources */ = {isa = PBXBuildFile; fileRef = 858AB03D1ACB7D04007A653A /* ViewController.swift */; };
		858AB0411ACB7D04007A653A /* Main.storyboard in Resources */ = {isa = PBXBuildFile; fileRef = 858AB03F1ACB7D04007A653A /* Main.storyboard */; };
		858AB0431ACB7D04007A653A /* Images.xcassets in Resources */ = {isa = PBXBuildFile; fileRef = 858AB0421ACB7D04007A653A /* Images.xcassets */; };
		858AB0461ACB7D04007A653A /* LaunchScreen.xib in Resources */ = {isa = PBXBuildFile; fileRef = 858AB0441ACB7D04007A653A /* LaunchScreen.xib */; };
		858AB0521ACB7D04007A653A /* Pass_Data_ForwardTests.swift in Sources */ = {isa = PBXBuildFile; fileRef = 858AB0511ACB7D04007A653A /* Pass_Data_ForwardTests.swift */; };
		858AB05C1ACB7E2B007A653A /* secondViewController.swift in Sources */ = {isa = PBXBuildFile; fileRef = 858AB05B1ACB7E2B007A653A /* secondViewController.swift */; };
/* End PBXBuildFile section */

/* Begin PBXContainerItemProxy section */
		858AB04C1ACB7D04007A653A /* PBXContainerItemProxy */ = {
			isa = PBXContainerItemProxy;
			containerPortal = 858AB02E1ACB7D04007A653A /* Project object */;
			proxyType = 1;
			remoteGlobalIDString = 858AB0351ACB7D04007A653A;
			remoteInfo = Pass_Data_Forward;
		};
/* End PBXContainerItemProxy section */

/* Begin PBXFileReference section */
		858AB0361ACB7D04007A653A /* Pass_Data_Forward.app */ = {isa = PBXFileReference; explicitFileType = wrapper.application; includeInIndex = 0; path = Pass_Data_Forward.app; sourceTree = BUILT_PRODUCTS_DIR; };
		858AB03A1ACB7D04007A653A /* Info.plist */ = {isa = PBXFileReference; lastKnownFileType = text.plist.xml; path = Info.plist; sourceTree = "<group>"; };
		858AB03B1ACB7D04007A653A /* AppDelegate.swift */ = {isa = PBXFileReference; lastKnownFileType = sourcecode.swift; path = AppDelegate.swift; sourceTree = "<group>"; };
		858AB03D1ACB7D04007A653A /* ViewController.swift */ = {isa = PBXFileReference; lastKnownFileType = sourcecode.swift; path = ViewController.swift; sourceTree = "<group>"; };
		858AB0401ACB7D04007A653A /* Base */ = {isa = PBXFileReference; lastKnownFileType = file.storyboard; name = Base; path = Base.lproj/Main.storyboard; sourceTree = "<group>"; };
		858AB0421ACB7D04007A653A /* Images.xcassets */ = {isa = PBXFileReference; lastKnownFileType = folder.assetcatalog; path = Images.xcassets; sourceTree = "<group>"; };
		858AB0451ACB7D04007A653A /* Base */ = {isa = PBXFileReference; lastKnownFileType = file.xib; name = Base; path = Base.lproj/LaunchScreen.xib; sourceTree = "<group>"; };
		858AB04B1ACB7D04007A653A /* Pass_Data_ForwardTests.xctest */ = {isa = PBXFileReference; explicitFileType = wrapper.cfbundle; includeInIndex = 0; path = Pass_Data_ForwardTests.xctest; sourceTree = BUILT_PRODUCTS_DIR; };
		858AB0501ACB7D04007A653A /* Info.plist */ = {isa = PBXFileReference; lastKnownFileType = text.plist.xml; path = Info.plist; sourceTree = "<group>"; };
		858AB0511ACB7D04007A653A /* Pass_Data_ForwardTests.swift */ = {isa = PBXFileReference; lastKnownFileType = sourcecode.swift; path = Pass_Data_ForwardTests.swift; sourceTree = "<group>"; };
		858AB05B1ACB7E2B007A653A /* secondViewController.swift */ = {isa = PBXFileReference; fileEncoding = 4; lastKnownFileType = sourcecode.swift; path = secondViewController.swift; sourceTree = "<group>"; };
/* End PBXFileReference section */

/* Begin PBXFrameworksBuildPhase section */
		858AB0331ACB7D04007A653A /* Frameworks */ = {
			isa = PBXFrameworksBuildPhase;
			buildActionMask = 2147483647;
			files = (
			);
			runOnlyForDeploymentPostprocessing = 0;
		};
		858AB0481ACB7D04007A653A /* Frameworks */ = {
			isa = PBXFrameworksBuildPhase;
			buildActionMask = 2147483647;
			files = (
			);
			runOnlyForDeploymentPostprocessing = 0;
		};
/* End PBXFrameworksBuildPhase section */

/* Begin PBXGroup section */
		858AB02D1ACB7D04007A653A = {
			isa = PBXGroup;
			children = (
				858AB0381ACB7D04007A653A /* Pass_Data_Forward */,
				858AB04E1ACB7D04007A653A /* Pass_Data_ForwardTests */,
				858AB0371ACB7D04007A653A /* Products */,
			);
			sourceTree = "<group>";
		};
		858AB0371ACB7D04007A653A /* Products */ = {
			isa = PBXGroup;
			children = (
				858AB0361ACB7D04007A653A /* Pass_Data_Forward.app */,
				858AB04B1ACB7D04007A653A /* Pass_Data_ForwardTests.xctest */,
			);
			name = Products;
			sourceTree = "<group>";
		};
		858AB0381ACB7D04007A653A /* Pass_Data_Forward */ = {
			isa = PBXGroup;
			children = (
				858AB03B1ACB7D04007A653A /* AppDelegate.swift */,
				858AB03D1ACB7D04007A653A /* ViewController.swift */,
				858AB03F1ACB7D04007A653A /* Main.storyboard */,
				858AB05B1ACB7E2B007A653A /* secondViewController.swift */,
				858AB0421ACB7D04007A653A /* Images.xcassets */,
				858AB0441ACB7D04007A653A /* LaunchScreen.xib */,
				858AB0391ACB7D04007A653A /* Supporting Files */,
			);
			path = Pass_Data_Forward;
			sourceTree = "<group>";
		};
		858AB0391ACB7D04007A653A /* Supporting Files */ = {
			isa = PBXGroup;
			children = (
				858AB03A1ACB7D04007A653A /* Info.plist */,
			);
			name = "Supporting Files";
			sourceTree = "<group>";
		};
		858AB04E1ACB7D04007A653A /* Pass_Data_ForwardTests */ = {
			isa = PBXGroup;
			children = (
				858AB0511ACB7D04007A653A /* Pass_Data_ForwardTests.swift */,
				858AB04F1ACB7D04007A653A /* Supporting Files */,
			);
			path = Pass_Data_ForwardTests;
			sourceTree = "<group>";
		};
		858AB04F1ACB7D04007A653A /* Supporting Files */ = {
			isa = PBXGroup;
			children = (
				858AB0501ACB7D04007A653A /* Info.plist */,
			);
			name = "Supporting Files";
			sourceTree = "<group>";
		};
/* End PBXGroup section */

/* Begin PBXNativeTarget section */
		858AB0351ACB7D04007A653A /* Pass_Data_Forward */ = {
			isa = PBXNativeTarget;
			buildConfigurationList = 858AB0551ACB7D04007A653A /* Build configuration list for PBXNativeTarget "Pass_Data_Forward" */;
			buildPhases = (
				858AB0321ACB7D04007A653A /* Sources */,
				858AB0331ACB7D04007A653A /* Frameworks */,
				858AB0341ACB7D04007A653A /* Resources */,
			);
			buildRules = (
			);
			dependencies = (
			);
			name = Pass_Data_Forward;
			productName = Pass_Data_Forward;
			productReference = 858AB0361ACB7D04007A653A /* Pass_Data_Forward.app */;
			productType = "com.apple.product-type.application";
		};
		858AB04A1ACB7D04007A653A /* Pass_Data_ForwardTests */ = {
			isa = PBXNativeTarget;
			buildConfigurationList = 858AB0581ACB7D04007A653A /* Build configuration list for PBXNativeTarget "Pass_Data_ForwardTests" */;
			buildPhases = (
				858AB0471ACB7D04007A653A /* Sources */,
				858AB0481ACB7D04007A653A /* Frameworks */,
				858AB0491ACB7D04007A653A /* Resources */,
			);
			buildRules = (
			);
			dependencies = (
				858AB04D1ACB7D04007A653A /* PBXTargetDependency */,
			);
			name = Pass_Data_ForwardTests;
			productName = Pass_Data_ForwardTests;
			productReference = 858AB04B1ACB7D04007A653A /* Pass_Data_ForwardTests.xctest */;
			productType = "com.apple.product-type.bundle.unit-test";
		};
/* End PBXNativeTarget section */

/* Begin PBXProject section */
		858AB02E1ACB7D04007A653A /* Project object */ = {
			isa = PBXProject;
			attributes = {
				LastUpgradeCheck = 0620;
				ORGANIZATIONNAME = mwsu;
				TargetAttributes = {
					858AB0351ACB7D04007A653A = {
						CreatedOnToolsVersion = 6.2;
					};
					858AB04A1ACB7D04007A653A = {
						CreatedOnToolsVersion = 6.2;
						TestTargetID = 858AB0351ACB7D04007A653A;
					};
				};
			};
			buildConfigurationList = 858AB0311ACB7D04007A653A /* Build configuration list for PBXProject "Pass_Data_Forward" */;
			compatibilityVersion = "Xcode 3.2";
			developmentRegion = English;
			hasScannedForEncodings = 0;
			knownRegions = (
				en,
				Base,
			);
			mainGroup = 858AB02D1ACB7D04007A653A;
			productRefGroup = 858AB0371ACB7D04007A653A /* Products */;
			projectDirPath = "";
			projectRoot = "";
			targets = (
				858AB0351ACB7D04007A653A /* Pass_Data_Forward */,
				858AB04A1ACB7D04007A653A /* Pass_Data_ForwardTests */,
			);
		};
/* End PBXProject section */

/* Begin PBXResourcesBuildPhase section */
		858AB0341ACB7D04007A653A /* Resources */ = {
			isa = PBXResourcesBuildPhase;
			buildActionMask = 2147483647;
			files = (
				858AB0411ACB7D04007A653A /* Main.storyboard in Resources */,
				858AB0461ACB7D04007A653A /* LaunchScreen.xib in Resources */,
				858AB0431ACB7D04007A653A /* Images.xcassets in Resources */,
			);
			runOnlyForDeploymentPostprocessing = 0;
		};
		858AB0491ACB7D04007A653A /* Resources */ = {
			isa = PBXResourcesBuildPhase;
			buildActionMask = 2147483647;
			files = (
			);
			runOnlyForDeploymentPostprocessing = 0;
		};
/* End PBXResourcesBuildPhase section */

/* Begin PBXSourcesBuildPhase section */
		858AB0321ACB7D04007A653A /* Sources */ = {
			isa = PBXSourcesBuildPhase;
			buildActionMask = 2147483647;
			files = (
				858AB03E1ACB7D04007A653A /* ViewController.swift in Sources */,
				858AB05C1ACB7E2B007A653A /* secondViewController.swift in Sources */,
				858AB03C1ACB7D04007A653A /* AppDelegate.swift in Sources */,
			);
			runOnlyForDeploymentPostprocessing = 0;
		};
		858AB0471ACB7D04007A653A /* Sources */ = {
			isa = PBXSourcesBuildPhase;
			buildActionMask = 2147483647;
			files = (
				858AB0521ACB7D04007A653A /* Pass_Data_ForwardTests.swift in Sources */,
			);
			runOnlyForDeploymentPostprocessing = 0;
		};
/* End PBXSourcesBuildPhase section */

/* Begin PBXTargetDependency section */
		858AB04D1ACB7D04007A653A /* PBXTargetDependency */ = {
			isa = PBXTargetDependency;
			target = 858AB0351ACB7D04007A653A /* Pass_Data_Forward */;
			targetProxy = 858AB04C1ACB7D04007A653A /* PBXContainerItemProxy */;
		};
/* End PBXTargetDependency section */

/* Begin PBXVariantGroup section */
		858AB03F1ACB7D04007A653A /* Main.storyboard */ = {
			isa = PBXVariantGroup;
			children = (
				858AB0401ACB7D04007A653A /* Base */,
			);
			name = Main.storyboard;
			sourceTree = "<group>";
		};
		858AB0441ACB7D04007A653A /* LaunchScreen.xib */ = {
			isa = PBXVariantGroup;
			children = (
				858AB0451ACB7D04007A653A /* Base */,
			);
			name = LaunchScreen.xib;
			sourceTree = "<group>";
		};
/* End PBXVariantGroup section */

/* Begin XCBuildConfiguration section */
		858AB0531ACB7D04007A653A /* Debug */ = {
			isa = XCBuildConfiguration;
			buildSettings = {
				ALWAYS_SEARCH_USER_PATHS = NO;
				CLANG_CXX_LANGUAGE_STANDARD = "gnu++0x";
				CLANG_CXX_LIBRARY = "libc++";
				CLANG_ENABLE_MODULES = YES;
				CLANG_ENABLE_OBJC_ARC = YES;
				CLANG_WARN_BOOL_CONVERSION = YES;
				CLANG_WARN_CONSTANT_CONVERSION = YES;
				CLANG_WARN_DIRECT_OBJC_ISA_USAGE = YES_ERROR;
				CLANG_WARN_EMPTY_BODY = YES;
				CLANG_WARN_ENUM_CONVERSION = YES;
				CLANG_WARN_INT_CONVERSION = YES;
				CLANG_WARN_OBJC_ROOT_CLASS = YES_ERROR;
				CLANG_WARN_UNREACHABLE_CODE = YES;
				CLANG_WARN__DUPLICATE_METHOD_MATCH = YES;
				"CODE_SIGN_IDENTITY[sdk=iphoneos*]" = "iPhone Developer";
				COPY_PHASE_STRIP = NO;
				ENABLE_STRICT_OBJC_MSGSEND = YES;
				GCC_C_LANGUAGE_STANDARD = gnu99;
				GCC_DYNAMIC_NO_PIC = NO;
				GCC_OPTIMIZATION_LEVEL = 0;
				GCC_PREPROCESSOR_DEFINITIONS = (
					"DEBUG=1",
					"$(inherited)",
				);
				GCC_SYMBOLS_PRIVATE_EXTERN = NO;
				GCC_WARN_64_TO_32_BIT_CONVERSION = YES;
				GCC_WARN_ABOUT_RETURN_TYPE = YES_ERROR;
				GCC_WARN_UNDECLARED_SELECTOR = YES;
				GCC_WARN_UNINITIALIZED_AUTOS = YES_AGGRESSIVE;
				GCC_WARN_UNUSED_FUNCTION = YES;
				GCC_WARN_UNUSED_VARIABLE = YES;
				IPHONEOS_DEPLOYMENT_TARGET = 8.2;
				MTL_ENABLE_DEBUG_INFO = YES;
				ONLY_ACTIVE_ARCH = YES;
				SDKROOT = iphoneos;
				SWIFT_OPTIMIZATION_LEVEL = "-Onone";
			};
			name = Debug;
		};
		858AB0541ACB7D04007A653A /* Release */ = {
			isa = XCBuildConfiguration;
			buildSettings = {
				ALWAYS_SEARCH_USER_PATHS = NO;
				CLANG_CXX_LANGUAGE_STANDARD = "gnu++0x";
				CLANG_CXX_LIBRARY = "libc++";
				CLANG_ENABLE_MODULES = YES;
				CLANG_ENABLE_OBJC_ARC = YES;
				CLANG_WARN_BOOL_CONVERSION = YES;
				CLANG_WARN_CONSTANT_CONVERSION = YES;
				CLANG_WARN_DIRECT_OBJC_ISA_USAGE = YES_ERROR;
				CLANG_WARN_EMPTY_BODY = YES;
				CLANG_WARN_ENUM_CONVERSION = YES;
				CLANG_WARN_INT_CONVERSION = YES;
				CLANG_WARN_OBJC_ROOT_CLASS = YES_ERROR;
				CLANG_WARN_UNREACHABLE_CODE = YES;
				CLANG_WARN__DUPLICATE_METHOD_MATCH = YES;
				"CODE_SIGN_IDENTITY[sdk=iphoneos*]" = "iPhone Developer";
				COPY_PHASE_STRIP = NO;
				ENABLE_NS_ASSERTIONS = NO;
				ENABLE_STRICT_OBJC_MSGSEND = YES;
				GCC_C_LANGUAGE_STANDARD = gnu99;
				GCC_WARN_64_TO_32_BIT_CONVERSION = YES;
				GCC_WARN_ABOUT_RETURN_TYPE = YES_ERROR;
				GCC_WARN_UNDECLARED_SELECTOR = YES;
				GCC_WARN_UNINITIALIZED_AUTOS = YES_AGGRESSIVE;
				GCC_WARN_UNUSED_FUNCTION = YES;
				GCC_WARN_UNUSED_VARIABLE = YES;
				IPHONEOS_DEPLOYMENT_TARGET = 8.2;
				MTL_ENABLE_DEBUG_INFO = NO;
				SDKROOT = iphoneos;
				VALIDATE_PRODUCT = YES;
			};
			name = Release;
		};
		858AB0561ACB7D04007A653A /* Debug */ = {
			isa = XCBuildConfiguration;
			buildSettings = {
				ASSETCATALOG_COMPILER_APPICON_NAME = AppIcon;
				INFOPLIST_FILE = Pass_Data_Forward/Info.plist;
				LD_RUNPATH_SEARCH_PATHS = "$(inherited) @executable_path/Frameworks";
				PRODUCT_NAME = "$(TARGET_NAME)";
			};
			name = Debug;
		};
		858AB0571ACB7D04007A653A /* Release */ = {
			isa = XCBuildConfiguration;
			buildSettings = {
				ASSETCATALOG_COMPILER_APPICON_NAME = AppIcon;
				INFOPLIST_FILE = Pass_Data_Forward/Info.plist;
				LD_RUNPATH_SEARCH_PATHS = "$(inherited) @executable_path/Frameworks";
				PRODUCT_NAME = "$(TARGET_NAME)";
			};
			name = Release;
		};
		858AB0591ACB7D04007A653A /* Debug */ = {
			isa = XCBuildConfiguration;
			buildSettings = {
				BUNDLE_LOADER = "$(TEST_HOST)";
				FRAMEWORK_SEARCH_PATHS = (
					"$(SDKROOT)/Developer/Library/Frameworks",
					"$(inherited)",
				);
				GCC_PREPROCESSOR_DEFINITIONS = (
					"DEBUG=1",
					"$(inherited)",
				);
				INFOPLIST_FILE = Pass_Data_ForwardTests/Info.plist;
				LD_RUNPATH_SEARCH_PATHS = "$(inherited) @executable_path/Frameworks @loader_path/Frameworks";
				PRODUCT_NAME = "$(TARGET_NAME)";
				TEST_HOST = "$(BUILT_PRODUCTS_DIR)/Pass_Data_Forward.app/Pass_Data_Forward";
			};
			name = Debug;
		};
		858AB05A1ACB7D04007A653A /* Release */ = {
			isa = XCBuildConfiguration;
			buildSettings = {
				BUNDLE_LOADER = "$(TEST_HOST)";
				FRAMEWORK_SEARCH_PATHS = (
					"$(SDKROOT)/Developer/Library/Frameworks",
					"$(inherited)",
				);
				INFOPLIST_FILE = Pass_Data_ForwardTests/Info.plist;
				LD_RUNPATH_SEARCH_PATHS = "$(inherited) @executable_path/Frameworks @loader_path/Frameworks";
				PRODUCT_NAME = "$(TARGET_NAME)";
				TEST_HOST = "$(BUILT_PRODUCTS_DIR)/Pass_Data_Forward.app/Pass_Data_Forward";
			};
			name = Release;
		};
/* End XCBuildConfiguration section */

/* Begin XCConfigurationList section */
		858AB0311ACB7D04007A653A /* Build configuration list for PBXProject "Pass_Data_Forward" */ = {
			isa = XCConfigurationList;
			buildConfigurations = (
				858AB0531ACB7D04007A653A /* Debug */,
				858AB0541ACB7D04007A653A /* Release */,
			);
			defaultConfigurationIsVisible = 0;
			defaultConfigurationName = Release;
		};
		858AB0551ACB7D04007A653A /* Build configuration list for PBXNativeTarget "Pass_Data_Forward" */ = {
			isa = XCConfigurationList;
			buildConfigurations = (
				858AB0561ACB7D04007A653A /* Debug */,
				858AB0571ACB7D04007A653A /* Release */,
			);
			defaultConfigurationIsVisible = 0;
		};
		858AB0581ACB7D04007A653A /* Build configuration list for PBXNativeTarget "Pass_Data_ForwardTests" */ = {
			isa = XCConfigurationList;
			buildConfigurations = (
				858AB0591ACB7D04007A653A /* Debug */,
				858AB05A1ACB7D04007A653A /* Release */,
			);
			defaultConfigurationIsVisible = 0;
		};
/* End XCConfigurationList section */
	};
	rootObject = 858AB02E1ACB7D04007A653A /* Project object */;
}
